// !$*UTF8*$!
{
	archiveVersion = 1;
	classes = {
	};
	objectVersion = 55;
	objects = {

/* Begin PBXBuildFile section */
		88624F4E28AF07AF00930654 /* SettingsViewController.swift in Sources */ = {isa = PBXBuildFile; fileRef = 88624F4D28AF07AF00930654 /* SettingsViewController.swift */; };
		88DCFD9228AEA6AD00A93E99 /* AppDelegate.swift in Sources */ = {isa = PBXBuildFile; fileRef = 88DCFD9128AEA6AD00A93E99 /* AppDelegate.swift */; };
		88DCFD9428AEA6AD00A93E99 /* SceneDelegate.swift in Sources */ = {isa = PBXBuildFile; fileRef = 88DCFD9328AEA6AD00A93E99 /* SceneDelegate.swift */; };
		88DCFD9628AEA6AD00A93E99 /* ViewController.swift in Sources */ = {isa = PBXBuildFile; fileRef = 88DCFD9528AEA6AD00A93E99 /* ViewController.swift */; };
		88DCFD9928AEA6AD00A93E99 /* Main.storyboard in Resources */ = {isa = PBXBuildFile; fileRef = 88DCFD9728AEA6AD00A93E99 /* Main.storyboard */; };
		88DCFD9B28AEA6AE00A93E99 /* Assets.xcassets in Resources */ = {isa = PBXBuildFile; fileRef = 88DCFD9A28AEA6AE00A93E99 /* Assets.xcassets */; };
		88DCFD9E28AEA6AE00A93E99 /* LaunchScreen.storyboard in Resources */ = {isa = PBXBuildFile; fileRef = 88DCFD9C28AEA6AE00A93E99 /* LaunchScreen.storyboard */; };
		88DE22DC28AF421900D3C993 /* Currency.swift in Sources */ = {isa = PBXBuildFile; fileRef = 88DE22DB28AF421900D3C993 /* Currency.swift */; };
/* End PBXBuildFile section */

/* Begin PBXContainerItemProxy section */
		88DCFDA528AEA6AE00A93E99 /* PBXContainerItemProxy */ = {
			isa = PBXContainerItemProxy;
			containerPortal = 88DCFD8628AEA6AD00A93E99 /* Project object */;
			proxyType = 1;
			remoteGlobalIDString = 88DCFD8D28AEA6AD00A93E99;
			remoteInfo = Prework;
		};
		88DCFDAF28AEA6AE00A93E99 /* PBXContainerItemProxy */ = {
			isa = PBXContainerItemProxy;
			containerPortal = 88DCFD8628AEA6AD00A93E99 /* Project object */;
			proxyType = 1;
			remoteGlobalIDString = 88DCFD8D28AEA6AD00A93E99;
			remoteInfo = Prework;
		};
/* End PBXContainerItemProxy section */

/* Begin PBXFileReference section */
		88624F4D28AF07AF00930654 /* SettingsViewController.swift */ = {isa = PBXFileReference; lastKnownFileType = sourcecode.swift; path = SettingsViewController.swift; sourceTree = "<group>"; };
		88DCFD8E28AEA6AD00A93E99 /* Prework.app */ = {isa = PBXFileReference; explicitFileType = wrapper.application; includeInIndex = 0; path = Prework.app; sourceTree = BUILT_PRODUCTS_DIR; };
		88DCFD9128AEA6AD00A93E99 /* AppDelegate.swift */ = {isa = PBXFileReference; lastKnownFileType = sourcecode.swift; path = AppDelegate.swift; sourceTree = "<group>"; };
		88DCFD9328AEA6AD00A93E99 /* SceneDelegate.swift */ = {isa = PBXFileReference; lastKnownFileType = sourcecode.swift; path = SceneDelegate.swift; sourceTree = "<group>"; };
		88DCFD9528AEA6AD00A93E99 /* ViewController.swift */ = {isa = PBXFileReference; lastKnownFileType = sourcecode.swift; path = ViewController.swift; sourceTree = "<group>"; };
		88DCFD9828AEA6AD00A93E99 /* Base */ = {isa = PBXFileReference; lastKnownFileType = file.storyboard; name = Base; path = Base.lproj/Main.storyboard; sourceTree = "<group>"; };
		88DCFD9A28AEA6AE00A93E99 /* Assets.xcassets */ = {isa = PBXFileReference; lastKnownFileType = folder.assetcatalog; path = Assets.xcassets; sourceTree = "<group>"; };
		88DCFD9D28AEA6AE00A93E99 /* Base */ = {isa = PBXFileReference; lastKnownFileType = file.storyboard; name = Base; path = Base.lproj/LaunchScreen.storyboard; sourceTree = "<group>"; };
		88DCFD9F28AEA6AE00A93E99 /* Info.plist */ = {isa = PBXFileReference; lastKnownFileType = text.plist.xml; path = Info.plist; sourceTree = "<group>"; };
		88DCFDA428AEA6AE00A93E99 /* PreworkTests.xctest */ = {isa = PBXFileReference; explicitFileType = wrapper.cfbundle; includeInIndex = 0; path = PreworkTests.xctest; sourceTree = BUILT_PRODUCTS_DIR; };
		88DCFDAE28AEA6AE00A93E99 /* PreworkUITests.xctest */ = {isa = PBXFileReference; explicitFileType = wrapper.cfbundle; includeInIndex = 0; path = PreworkUITests.xctest; sourceTree = BUILT_PRODUCTS_DIR; };
		88DE22DB28AF421900D3C993 /* Currency.swift */ = {isa = PBXFileReference; lastKnownFileType = sourcecode.swift; path = Currency.swift; sourceTree = "<group>"; };
/* End PBXFileReference section */

/* Begin PBXFrameworksBuildPhase section */
		88DCFD8B28AEA6AD00A93E99 /* Frameworks */ = {
			isa = PBXFrameworksBuildPhase;
			buildActionMask = 2147483647;
			files = (
			);
			runOnlyForDeploymentPostprocessing = 0;
		};
		88DCFDA128AEA6AE00A93E99 /* Frameworks */ = {
			isa = PBXFrameworksBuildPhase;
			buildActionMask = 2147483647;
			files = (
			);
			runOnlyForDeploymentPostprocessing = 0;
		};
		88DCFDAB28AEA6AE00A93E99 /* Frameworks */ = {
			isa = PBXFrameworksBuildPhase;
			buildActionMask = 2147483647;
			files = (
			);
			runOnlyForDeploymentPostprocessing = 0;
		};
/* End PBXFrameworksBuildPhase section */

/* Begin PBXGroup section */
		88DCFD8528AEA6AD00A93E99 = {
			isa = PBXGroup;
			children = (
				88DCFD9028AEA6AD00A93E99 /* Prework */,
				88DCFD8F28AEA6AD00A93E99 /* Products */,
			);
			sourceTree = "<group>";
		};
		88DCFD8F28AEA6AD00A93E99 /* Products */ = {
			isa = PBXGroup;
			children = (
				88DCFD8E28AEA6AD00A93E99 /* Prework.app */,
				88DCFDA428AEA6AE00A93E99 /* PreworkTests.xctest */,
				88DCFDAE28AEA6AE00A93E99 /* PreworkUITests.xctest */,
			);
			name = Products;
			sourceTree = "<group>";
		};
		88DCFD9028AEA6AD00A93E99 /* Prework */ = {
			isa = PBXGroup;
			children = (
				88DE22DB28AF421900D3C993 /* Currency.swift */,
				88DCFD9128AEA6AD00A93E99 /* AppDelegate.swift */,
				88DCFD9328AEA6AD00A93E99 /* SceneDelegate.swift */,
				88DCFD9528AEA6AD00A93E99 /* ViewController.swift */,
				88624F4D28AF07AF00930654 /* SettingsViewController.swift */,
				88DCFD9728AEA6AD00A93E99 /* Main.storyboard */,
				88DCFD9A28AEA6AE00A93E99 /* Assets.xcassets */,
				88DCFD9C28AEA6AE00A93E99 /* LaunchScreen.storyboard */,
				88DCFD9F28AEA6AE00A93E99 /* Info.plist */,
			);
			path = Prework;
			sourceTree = "<group>";
		};
/* End PBXGroup section */

/* Begin PBXNativeTarget section */
		88DCFD8D28AEA6AD00A93E99 /* Prework */ = {
			isa = PBXNativeTarget;
			buildConfigurationList = 88DCFDB828AEA6AE00A93E99 /* Build configuration list for PBXNativeTarget "Prework" */;
			buildPhases = (
				88DCFD8A28AEA6AD00A93E99 /* Sources */,
				88DCFD8B28AEA6AD00A93E99 /* Frameworks */,
				88DCFD8C28AEA6AD00A93E99 /* Resources */,
			);
			buildRules = (
			);
			dependencies = (
			);
			name = Prework;
			productName = Prework;
			productReference = 88DCFD8E28AEA6AD00A93E99 /* Prework.app */;
			productType = "com.apple.product-type.application";
		};
		88DCFDA328AEA6AE00A93E99 /* PreworkTests */ = {
			isa = PBXNativeTarget;
			buildConfigurationList = 88DCFDBB28AEA6AE00A93E99 /* Build configuration list for PBXNativeTarget "PreworkTests" */;
			buildPhases = (
				88DCFDA028AEA6AE00A93E99 /* Sources */,
				88DCFDA128AEA6AE00A93E99 /* Frameworks */,
				88DCFDA228AEA6AE00A93E99 /* Resources */,
			);
			buildRules = (
			);
			dependencies = (
				88DCFDA628AEA6AE00A93E99 /* PBXTargetDependency */,
			);
			name = PreworkTests;
			productName = PreworkTests;
			productReference = 88DCFDA428AEA6AE00A93E99 /* PreworkTests.xctest */;
			productType = "com.apple.product-type.bundle.unit-test";
		};
		88DCFDAD28AEA6AE00A93E99 /* PreworkUITests */ = {
			isa = PBXNativeTarget;
			buildConfigurationList = 88DCFDBE28AEA6AE00A93E99 /* Build configuration list for PBXNativeTarget "PreworkUITests" */;
			buildPhases = (
				88DCFDAA28AEA6AE00A93E99 /* Sources */,
				88DCFDAB28AEA6AE00A93E99 /* Frameworks */,
				88DCFDAC28AEA6AE00A93E99 /* Resources */,
			);
			buildRules = (
			);
			dependencies = (
				88DCFDB028AEA6AE00A93E99 /* PBXTargetDependency */,
			);
			name = PreworkUITests;
			productName = PreworkUITests;
			productReference = 88DCFDAE28AEA6AE00A93E99 /* PreworkUITests.xctest */;
			productType = "com.apple.product-type.bundle.ui-testing";
		};
/* End PBXNativeTarget section */

/* Begin PBXProject section */
		88DCFD8628AEA6AD00A93E99 /* Project object */ = {
			isa = PBXProject;
			attributes = {
				BuildIndependentTargetsInParallel = 1;
				LastSwiftUpdateCheck = 1400;
				LastUpgradeCheck = 1400;
				TargetAttributes = {
					88DCFD8D28AEA6AD00A93E99 = {
						CreatedOnToolsVersion = 14.0;
					};
					88DCFDA328AEA6AE00A93E99 = {
						CreatedOnToolsVersion = 14.0;
						TestTargetID = 88DCFD8D28AEA6AD00A93E99;
					};
					88DCFDAD28AEA6AE00A93E99 = {
						CreatedOnToolsVersion = 14.0;
						TestTargetID = 88DCFD8D28AEA6AD00A93E99;
					};
				};
			};
			buildConfigurationList = 88DCFD8928AEA6AD00A93E99 /* Build configuration list for PBXProject "Prework" */;
			compatibilityVersion = "Xcode 13.0";
			developmentRegion = en;
			hasScannedForEncodings = 0;
			knownRegions = (
				en,
				Base,
			);
			mainGroup = 88DCFD8528AEA6AD00A93E99;
			productRefGroup = 88DCFD8F28AEA6AD00A93E99 /* Products */;
			projectDirPath = "";
			projectRoot = "";
			targets = (
				88DCFD8D28AEA6AD00A93E99 /* Prework */,
				88DCFDA328AEA6AE00A93E99 /* PreworkTests */,
				88DCFDAD28AEA6AE00A93E99 /* PreworkUITests */,
			);
		};
/* End PBXProject section */

/* Begin PBXResourcesBuildPhase section */
		88DCFD8C28AEA6AD00A93E99 /* Resources */ = {
			isa = PBXResourcesBuildPhase;
			buildActionMask = 2147483647;
			files = (
				88DCFD9E28AEA6AE00A93E99 /* LaunchScreen.storyboard in Resources */,
				88DCFD9B28AEA6AE00A93E99 /* Assets.xcassets in Resources */,
				88DCFD9928AEA6AD00A93E99 /* Main.storyboard in Resources */,
			);
			runOnlyForDeploymentPostprocessing = 0;
		};
		88DCFDA228AEA6AE00A93E99 /* Resources */ = {
			isa = PBXResourcesBuildPhase;
			buildActionMask = 2147483647;
			files = (
			);
			runOnlyForDeploymentPostprocessing = 0;
		};
		88DCFDAC28AEA6AE00A93E99 /* Resources */ = {
			isa = PBXResourcesBuildPhase;
			buildActionMask = 2147483647;
			files = (
			);
			runOnlyForDeploymentPostprocessing = 0;
		};
/* End PBXResourcesBuildPhase section */

/* Begin PBXSourcesBuildPhase section */
		88DCFD8A28AEA6AD00A93E99 /* Sources */ = {
			isa = PBXSourcesBuildPhase;
			buildActionMask = 2147483647;
			files = (
				88DCFD9628AEA6AD00A93E99 /* ViewController.swift in Sources */,
				88DE22DC28AF421900D3C993 /* Currency.swift in Sources */,
				88DCFD9228AEA6AD00A93E99 /* AppDelegate.swift in Sources */,
				88DCFD9428AEA6AD00A93E99 /* SceneDelegate.swift in Sources */,
				88624F4E28AF07AF00930654 /* SettingsViewController.swift in Sources */,
			);
			runOnlyForDeploymentPostprocessing = 0;
		};
		88DCFDA028AEA6AE00A93E99 /* Sources */ = {
			isa = PBXSourcesBuildPhase;
			buildActionMask = 2147483647;
			files = (
			);
			runOnlyForDeploymentPostprocessing = 0;
		};
		88DCFDAA28AEA6AE00A93E99 /* Sources */ = {
			isa = PBXSourcesBuildPhase;
			buildActionMask = 2147483647;
			files = (
			);
			runOnlyForDeploymentPostprocessing = 0;
		};
/* End PBXSourcesBuildPhase section */

/* Begin PBXTargetDependency section */
		88DCFDA628AEA6AE00A93E99 /* PBXTargetDependency */ = {
			isa = PBXTargetDependency;
			target = 88DCFD8D28AEA6AD00A93E99 /* Prework */;
			targetProxy = 88DCFDA528AEA6AE00A93E99 /* PBXContainerItemProxy */;
		};
		88DCFDB028AEA6AE00A93E99 /* PBXTargetDependency */ = {
			isa = PBXTargetDependency;
			target = 88DCFD8D28AEA6AD00A93E99 /* Prework */;
			targetProxy = 88DCFDAF28AEA6AE00A93E99 /* PBXContainerItemProxy */;
		};
/* End PBXTargetDependency section */

/* Begin PBXVariantGroup section */
		88DCFD9728AEA6AD00A93E99 /* Main.storyboard */ = {
			isa = PBXVariantGroup;
			children = (
				88DCFD9828AEA6AD00A93E99 /* Base */,
			);
			name = Main.storyboard;
			sourceTree = "<group>";
		};
		88DCFD9C28AEA6AE00A93E99 /* LaunchScreen.storyboard */ = {
			isa = PBXVariantGroup;
			children = (
				88DCFD9D28AEA6AE00A93E99 /* Base */,
			);
			name = LaunchScreen.storyboard;
			sourceTree = "<group>";
		};
/* End PBXVariantGroup section */

/* Begin XCBuildConfiguration section */
		88DCFDB628AEA6AE00A93E99 /* Debug */ = {
			isa = XCBuildConfiguration;
			buildSettings = {
				ALWAYS_SEARCH_USER_PATHS = NO;
				CLANG_ANALYZER_NONNULL = YES;
				CLANG_ANALYZER_NUMBER_OBJECT_CONVERSION = YES_AGGRESSIVE;
				CLANG_CXX_LANGUAGE_STANDARD = "gnu++20";
				CLANG_ENABLE_MODULES = YES;
				CLANG_ENABLE_OBJC_ARC = YES;
				CLANG_ENABLE_OBJC_WEAK = YES;
				CLANG_WARN_BLOCK_CAPTURE_AUTORELEASING = YES;
				CLANG_WARN_BOOL_CONVERSION = YES;
				CLANG_WARN_COMMA = YES;
				CLANG_WARN_CONSTANT_CONVERSION = YES;
				CLANG_WARN_DEPRECATED_OBJC_IMPLEMENTATIONS = YES;
				CLANG_WARN_DIRECT_OBJC_ISA_USAGE = YES_ERROR;
				CLANG_WARN_DOCUMENTATION_COMMENTS = YES;
				CLANG_WARN_EMPTY_BODY = YES;
				CLANG_WARN_ENUM_CONVERSION = YES;
				CLANG_WARN_INFINITE_RECURSION = YES;
				CLANG_WARN_INT_CONVERSION = YES;
				CLANG_WARN_NON_LITERAL_NULL_CONVERSION = YES;
				CLANG_WARN_OBJC_IMPLICIT_RETAIN_SELF = YES;
				CLANG_WARN_OBJC_LITERAL_CONVERSION = YES;
				CLANG_WARN_OBJC_ROOT_CLASS = YES_ERROR;
				CLANG_WARN_QUOTED_INCLUDE_IN_FRAMEWORK_HEADER = YES;
				CLANG_WARN_RANGE_LOOP_ANALYSIS = YES;
				CLANG_WARN_STRICT_PROTOTYPES = YES;
				CLANG_WARN_SUSPICIOUS_MOVE = YES;
				CLANG_WARN_UNGUARDED_AVAILABILITY = YES_AGGRESSIVE;
				CLANG_WARN_UNREACHABLE_CODE = YES;
				CLANG_WARN__DUPLICATE_METHOD_MATCH = YES;
				COPY_PHASE_STRIP = NO;
				DEBUG_INFORMATION_FORMAT = dwarf;
				ENABLE_STRICT_OBJC_MSGSEND = YES;
				ENABLE_TESTABILITY = YES;
				GCC_C_LANGUAGE_STANDARD = gnu11;
				GCC_DYNAMIC_NO_PIC = NO;
				GCC_NO_COMMON_BLOCKS = YES;
				GCC_OPTIMIZATION_LEVEL = 0;
				GCC_PREPROCESSOR_DEFINITIONS = (
					"DEBUG=1",
					"$(inherited)",
				);
				GCC_WARN_64_TO_32_BIT_CONVERSION = YES;
				GCC_WARN_ABOUT_RETURN_TYPE = YES_ERROR;
				GCC_WARN_UNDECLARED_SELECTOR = YES;
				GCC_WARN_UNINITIALIZED_AUTOS = YES_AGGRESSIVE;
				GCC_WARN_UNUSED_FUNCTION = YES;
				GCC_WARN_UNUSED_VARIABLE = YES;
				IPHONEOS_DEPLOYMENT_TARGET = 16.0;
				MTL_ENABLE_DEBUG_INFO = INCLUDE_SOURCE;
				MTL_FAST_MATH = YES;
				ONLY_ACTIVE_ARCH = YES;
				SDKROOT = iphoneos;
				SWIFT_ACTIVE_COMPILATION_CONDITIONS = DEBUG;
				SWIFT_OPTIMIZATION_LEVEL = "-Onone";
			};
			name = Debug;
		};
		88DCFDB728AEA6AE00A93E99 /* Release */ = {
			isa = XCBuildConfiguration;
			buildSettings = {
				ALWAYS_SEARCH_USER_PATHS = NO;
				CLANG_ANALYZER_NONNULL = YES;
				CLANG_ANALYZER_NUMBER_OBJECT_CONVERSION = YES_AGGRESSIVE;
				CLANG_CXX_LANGUAGE_STANDARD = "gnu++20";
				CLANG_ENABLE_MODULES = YES;
				CLANG_ENABLE_OBJC_ARC = YES;
				CLANG_ENABLE_OBJC_WEAK = YES;
				CLANG_WARN_BLOCK_CAPTURE_AUTORELEASING = YES;
				CLANG_WARN_BOOL_CONVERSION = YES;
				CLANG_WARN_COMMA = YES;
				CLANG_WARN_CONSTANT_CONVERSION = YES;
				CLANG_WARN_DEPRECATED_OBJC_IMPLEMENTATIONS = YES;
				CLANG_WARN_DIRECT_OBJC_ISA_USAGE = YES_ERROR;
				CLANG_WARN_DOCUMENTATION_COMMENTS = YES;
				CLANG_WARN_EMPTY_BODY = YES;
				CLANG_WARN_ENUM_CONVERSION = YES;
				CLANG_WARN_INFINITE_RECURSION = YES;
				CLANG_WARN_INT_CONVERSION = YES;
				CLANG_WARN_NON_LITERAL_NULL_CONVERSION = YES;
				CLANG_WARN_OBJC_IMPLICIT_RETAIN_SELF = YES;
				CLANG_WARN_OBJC_LITERAL_CONVERSION = YES;
				CLANG_WARN_OBJC_ROOT_CLASS = YES_ERROR;
				CLANG_WARN_QUOTED_INCLUDE_IN_FRAMEWORK_HEADER = YES;
				CLANG_WARN_RANGE_LOOP_ANALYSIS = YES;
				CLANG_WARN_STRICT_PROTOTYPES = YES;
				CLANG_WARN_SUSPICIOUS_MOVE = YES;
				CLANG_WARN_UNGUARDED_AVAILABILITY = YES_AGGRESSIVE;
				CLANG_WARN_UNREACHABLE_CODE = YES;
				CLANG_WARN__DUPLICATE_METHOD_MATCH = YES;
				COPY_PHASE_STRIP = NO;
				DEBUG_INFORMATION_FORMAT = "dwarf-with-dsym";
				ENABLE_NS_ASSERTIONS = NO;
				ENABLE_STRICT_OBJC_MSGSEND = YES;
				GCC_C_LANGUAGE_STANDARD = gnu11;
				GCC_NO_COMMON_BLOCKS = YES;
				GCC_WARN_64_TO_32_BIT_CONVERSION = YES;
				GCC_WARN_ABOUT_RETURN_TYPE = YES_ERROR;
				GCC_WARN_UNDECLARED_SELECTOR = YES;
				GCC_WARN_UNINITIALIZED_AUTOS = YES_AGGRESSIVE;
				GCC_WARN_UNUSED_FUNCTION = YES;
				GCC_WARN_UNUSED_VARIABLE = YES;
				IPHONEOS_DEPLOYMENT_TARGET = 16.0;
				MTL_ENABLE_DEBUG_INFO = NO;
				MTL_FAST_MATH = YES;
				SDKROOT = iphoneos;
				SWIFT_COMPILATION_MODE = wholemodule;
				SWIFT_OPTIMIZATION_LEVEL = "-O";
				VALIDATE_PRODUCT = YES;
			};
			name = Release;
		};
		88DCFDB928AEA6AE00A93E99 /* Debug */ = {
			isa = XCBuildConfiguration;
			buildSettings = {
				ASSETCATALOG_COMPILER_APPICON_NAME = AppIcon;
				ASSETCATALOG_COMPILER_GLOBAL_ACCENT_COLOR_NAME = AccentColor;
				CODE_SIGN_STYLE = Automatic;
				CURRENT_PROJECT_VERSION = 1;
				GENERATE_INFOPLIST_FILE = YES;
				INFOPLIST_FILE = Prework/Info.plist;
				INFOPLIST_KEY_UIApplicationSupportsIndirectInputEvents = YES;
				INFOPLIST_KEY_UILaunchStoryboardName = LaunchScreen;
				INFOPLIST_KEY_UIMainStoryboardFile = Main;
				INFOPLIST_KEY_UISupportedInterfaceOrientations_iPad = "UIInterfaceOrientationPortrait UIInterfaceOrientationPortraitUpsideDown UIInterfaceOrientationLandscapeLeft UIInterfaceOrientationLandscapeRight";
				INFOPLIST_KEY_UISupportedInterfaceOrientations_iPhone = "UIInterfaceOrientationPortrait UIInterfaceOrientationLandscapeLeft UIInterfaceOrientationLandscapeRight";
				LD_RUNPATH_SEARCH_PATHS = (
					"$(inherited)",
					"@executable_path/Frameworks",
				);
				MARKETING_VERSION = 1.0;
				PRODUCT_BUNDLE_IDENTIFIER = riveraLuis.Prework;
				PRODUCT_NAME = "$(TARGET_NAME)";
				SWIFT_EMIT_LOC_STRINGS = YES;
				SWIFT_VERSION = 5.0;
				TARGETED_DEVICE_FAMILY = "1,2";
			};
			name = Debug;
		};
		88DCFDBA28AEA6AE00A93E99 /* Release */ = {
			isa = XCBuildConfiguration;
			buildSettings = {
				ASSETCATALOG_COMPILER_APPICON_NAME = AppIcon;
				ASSETCATALOG_COMPILER_GLOBAL_ACCENT_COLOR_NAME = AccentColor;
				CODE_SIGN_STYLE = Automatic;
				CURRENT_PROJECT_VERSION = 1;
				GENERATE_INFOPLIST_FILE = YES;
				INFOPLIST_FILE = Prework/Info.plist;
				INFOPLIST_KEY_UIApplicationSupportsIndirectInputEvents = YES;
				INFOPLIST_KEY_UILaunchStoryboardName = LaunchScreen;
				INFOPLIST_KEY_UIMainStoryboardFile = Main;
				INFOPLIST_KEY_UISupportedInterfaceOrientations_iPad = "UIInterfaceOrientationPortrait UIInterfaceOrientationPortraitUpsideDown UIInterfaceOrientationLandscapeLeft UIInterfaceOrientationLandscapeRight";
				INFOPLIST_KEY_UISupportedInterfaceOrientations_iPhone = "UIInterfaceOrientationPortrait UIInterfaceOrientationLandscapeLeft UIInterfaceOrientationLandscapeRight";
				LD_RUNPATH_SEARCH_PATHS = (
					"$(inherited)",
					"@executable_path/Frameworks",
				);
				MARKETING_VERSION = 1.0;
				PRODUCT_BUNDLE_IDENTIFIER = riveraLuis.Prework;
				PRODUCT_NAME = "$(TARGET_NAME)";
				SWIFT_EMIT_LOC_STRINGS = YES;
				SWIFT_VERSION = 5.0;
				TARGETED_DEVICE_FAMILY = "1,2";
			};
			name = Release;
		};
		88DCFDBC28AEA6AE00A93E99 /* Debug */ = {
			isa = XCBuildConfiguration;
			buildSettings = {
				ALWAYS_EMBED_SWIFT_STANDARD_LIBRARIES = YES;
				BUNDLE_LOADER = "$(TEST_HOST)";
				CODE_SIGN_STYLE = Automatic;
				CURRENT_PROJECT_VERSION = 1;
				GENERATE_INFOPLIST_FILE = YES;
				IPHONEOS_DEPLOYMENT_TARGET = 16.0;
				MARKETING_VERSION = 1.0;
				PRODUCT_BUNDLE_IDENTIFIER = riveraLuis.PreworkTests;
				PRODUCT_NAME = "$(TARGET_NAME)";
				SWIFT_EMIT_LOC_STRINGS = NO;
				SWIFT_VERSION = 5.0;
				TARGETED_DEVICE_FAMILY = "1,2";
				TEST_HOST = "$(BUILT_PRODUCTS_DIR)/Prework.app/$(BUNDLE_EXECUTABLE_FOLDER_PATH)/Prework";
			};
			name = Debug;
		};
		88DCFDBD28AEA6AE00A93E99 /* Release */ = {
			isa = XCBuildConfiguration;
			buildSettings = {
				ALWAYS_EMBED_SWIFT_STANDARD_LIBRARIES = YES;
				BUNDLE_LOADER = "$(TEST_HOST)";
				CODE_SIGN_STYLE = Automatic;
				CURRENT_PROJECT_VERSION = 1;
				GENERATE_INFOPLIST_FILE = YES;
				IPHONEOS_DEPLOYMENT_TARGET = 16.0;
				MARKETING_VERSION = 1.0;
				PRODUCT_BUNDLE_IDENTIFIER = riveraLuis.PreworkTests;
				PRODUCT_NAME = "$(TARGET_NAME)";
				SWIFT_EMIT_LOC_STRINGS = NO;
				SWIFT_VERSION = 5.0;
				TARGETED_DEVICE_FAMILY = "1,2";
				TEST_HOST = "$(BUILT_PRODUCTS_DIR)/Prework.app/$(BUNDLE_EXECUTABLE_FOLDER_PATH)/Prework";
			};
			name = Release;
		};
		88DCFDBF28AEA6AE00A93E99 /* Debug */ = {
			isa = XCBuildConfiguration;
			buildSettings = {
				ALWAYS_EMBED_SWIFT_STANDARD_LIBRARIES = YES;
				CODE_SIGN_STYLE = Automatic;
				CURRENT_PROJECT_VERSION = 1;
				GENERATE_INFOPLIST_FILE = YES;
				MARKETING_VERSION = 1.0;
				PRODUCT_BUNDLE_IDENTIFIER = riveraLuis.PreworkUITests;
				PRODUCT_NAME = "$(TARGET_NAME)";
				SWIFT_EMIT_LOC_STRINGS = NO;
				SWIFT_VERSION = 5.0;
				TARGETED_DEVICE_FAMILY = "1,2";
				TEST_TARGET_NAME = Prework;
			};
			name = Debug;
		};
		88DCFDC028AEA6AE00A93E99 /* Release */ = {
			isa = XCBuildConfiguration;
			buildSettings = {
				ALWAYS_EMBED_SWIFT_STANDARD_LIBRARIES = YES;
				CODE_SIGN_STYLE = Automatic;
				CURRENT_PROJECT_VERSION = 1;
				GENERATE_INFOPLIST_FILE = YES;
				MARKETING_VERSION = 1.0;
				PRODUCT_BUNDLE_IDENTIFIER = riveraLuis.PreworkUITests;
				PRODUCT_NAME = "$(TARGET_NAME)";
				SWIFT_EMIT_LOC_STRINGS = NO;
				SWIFT_VERSION = 5.0;
				TARGETED_DEVICE_FAMILY = "1,2";
				TEST_TARGET_NAME = Prework;
			};
			name = Release;
		};
/* End XCBuildConfiguration section */

/* Begin XCConfigurationList section */
		88DCFD8928AEA6AD00A93E99 /* Build configuration list for PBXProject "Prework" */ = {
			isa = XCConfigurationList;
			buildConfigurations = (
				88DCFDB628AEA6AE00A93E99 /* Debug */,
				88DCFDB728AEA6AE00A93E99 /* Release */,
			);
			defaultConfigurationIsVisible = 0;
			defaultConfigurationName = Release;
		};
		88DCFDB828AEA6AE00A93E99 /* Build configuration list for PBXNativeTarget "Prework" */ = {
			isa = XCConfigurationList;
			buildConfigurations = (
				88DCFDB928AEA6AE00A93E99 /* Debug */,
				88DCFDBA28AEA6AE00A93E99 /* Release */,
			);
			defaultConfigurationIsVisible = 0;
			defaultConfigurationName = Release;
		};
		88DCFDBB28AEA6AE00A93E99 /* Build configuration list for PBXNativeTarget "PreworkTests" */ = {
			isa = XCConfigurationList;
			buildConfigurations = (
				88DCFDBC28AEA6AE00A93E99 /* Debug */,
				88DCFDBD28AEA6AE00A93E99 /* Release */,
			);
			defaultConfigurationIsVisible = 0;
			defaultConfigurationName = Release;
		};
		88DCFDBE28AEA6AE00A93E99 /* Build configuration list for PBXNativeTarget "PreworkUITests" */ = {
			isa = XCConfigurationList;
			buildConfigurations = (
				88DCFDBF28AEA6AE00A93E99 /* Debug */,
				88DCFDC028AEA6AE00A93E99 /* Release */,
			);
			defaultConfigurationIsVisible = 0;
			defaultConfigurationName = Release;
		};
/* End XCConfigurationList section */
	};
	rootObject = 88DCFD8628AEA6AD00A93E99 /* Project object */;
}
